
Microsoft Visual Studio Solution File, Format Version 11.00
# Visual Studio 2010
Project("{FAE04EC0-301F-11D3-BF4B-00C04F79EFBC}") = "gidisrael.Web", "gidisrael.Web\gidisrael.Web.csproj", "{58542328-645A-424B-AA73-2B913C4DADAB}"
EndProject
Project("{FAE04EC0-301F-11D3-BF4B-00C04F79EFBC}") = "gidisrael.ConsoleTest", "..\gidisrael.ConsoleTest\gidisrael.ConsoleTest.csproj", "{CD9B1003-65D7-4A26-9E1F-32B70FE1EED0}"
EndProject
Global
	GlobalSection(SolutionConfigurationPlatforms) = preSolution
		Debug|Any CPU = Debug|Any CPU
		Debug|Mixed Platforms = Debug|Mixed Platforms
		Debug|x86 = Debug|x86
		Release|Any CPU = Release|Any CPU
		Release|Mixed Platforms = Release|Mixed Platforms
		Release|x86 = Release|x86
	EndGlobalSection
	GlobalSection(ProjectConfigurationPlatforms) = postSolution
		{58542328-645A-424B-AA73-2B913C4DADAB}.Debug|Any CPU.ActiveCfg = Debug|Any CPU
		{58542328-645A-424B-AA73-2B913C4DADAB}.Debug|Any CPU.Build.0 = Debug|Any CPU
		{58542328-645A-424B-AA73-2B913C4DADAB}.Debug|Mixed Platforms.ActiveCfg = Debug|Any CPU
		{58542328-645A-424B-AA73-2B913C4DADAB}.Debug|Mixed Platforms.Build.0 = Debug|Any CPU
		{58542328-645A-424B-AA73-2B913C4DADAB}.Debug|x86.ActiveCfg = Debug|Any CPU
		{58542328-645A-424B-AA73-2B913C4DADAB}.Release|Any CPU.ActiveCfg = Release|Any CPU
		{58542328-645A-424B-AA73-2B913C4DADAB}.Release|Any CPU.Build.0 = Release|Any CPU
		{58542328-645A-424B-AA73-2B913C4DADAB}.Release|Mixed Platforms.ActiveCfg = Release|Any CPU
		{58542328-645A-424B-AA73-2B913C4DADAB}.Release|Mixed Platforms.Build.0 = Release|Any CPU
		{58542328-645A-424B-AA73-2B913C4DADAB}.Release|x86.ActiveCfg = Release|Any CPU
		{CD9B1003-65D7-4A26-9E1F-32B70FE1EED0}.Debug|Any CPU.ActiveCfg = Debug|x86
		{CD9B1003-65D7-4A26-9E1F-32B70FE1EED0}.Debug|Mixed Platforms.ActiveCfg = Debug|x86
		{CD9B1003-65D7-4A26-9E1F-32B70FE1EED0}.Debug|Mixed Platforms.Build.0 = Debug|x86
		{CD9B1003-65D7-4A26-9E1F-32B70FE1EED0}.Debug|x86.ActiveCfg = Debug|x86
		{CD9B1003-65D7-4A26-9E1F-32B70FE1EED0}.Debug|x86.Build.0 = Debug|x86
		{CD9B1003-65D7-4A26-9E1F-32B70FE1EED0}.Release|Any CPU.ActiveCfg = Release|x86
		{CD9B1003-65D7-4A26-9E1F-32B70FE1EED0}.Release|Mixed Platforms.ActiveCfg = Release|x86
		{CD9B1003-65D7-4A26-9E1F-32B70FE1EED0}.Release|Mixed Platforms.Build.0 = Release|x86
		{CD9B1003-65D7-4A26-9E1F-32B70FE1EED0}.Release|x86.ActiveCfg = Release|x86
		{CD9B1003-65D7-4A26-9E1F-32B70FE1EED0}.Release|x86.Build.0 = Release|x86
	EndGlobalSection
	GlobalSection(SolutionProperties) = preSolution
		HideSolutionNode = FALSE
	EndGlobalSection
EndGlobal
